// !$*UTF8*$!
{
	archiveVersion = 1;
	classes = {
	};
	objectVersion = 46;
	objects = {

/* Begin PBXBuildFile section */
		000C326F1EB98C8F00E75D6C /* XMNavigationBar.m in Sources */ = {isa = PBXBuildFile; fileRef = 000C32441EB98C8F00E75D6C /* XMNavigationBar.m */; };
		000C32701EB98C8F00E75D6C /* XMNavigationController.m in Sources */ = {isa = PBXBuildFile; fileRef = 000C32461EB98C8F00E75D6C /* XMNavigationController.m */; };
		000C32711EB98C8F00E75D6C /* XMViewController.m in Sources */ = {isa = PBXBuildFile; fileRef = 000C32481EB98C8F00E75D6C /* XMViewController.m */; };
		000C32721EB98C8F00E75D6C /* NSString+XMStringTool.m in Sources */ = {isa = PBXBuildFile; fileRef = 000C324B1EB98C8F00E75D6C /* NSString+XMStringTool.m */; };
		000C32731EB98C8F00E75D6C /* NSUserDefaults+XMSaveTool.m in Sources */ = {isa = PBXBuildFile; fileRef = 000C324D1EB98C8F00E75D6C /* NSUserDefaults+XMSaveTool.m */; };
		000C32741EB98C8F00E75D6C /* UINavigationBar+XMNavigationTool.m in Sources */ = {isa = PBXBuildFile; fileRef = 000C324F1EB98C8F00E75D6C /* UINavigationBar+XMNavigationTool.m */; };
		000C32751EB98C8F00E75D6C /* UITextField+WordLimit.m in Sources */ = {isa = PBXBuildFile; fileRef = 000C32511EB98C8F00E75D6C /* UITextField+WordLimit.m */; };
		000C32761EB98C8F00E75D6C /* UIView+XMViewRect.m in Sources */ = {isa = PBXBuildFile; fileRef = 000C32531EB98C8F00E75D6C /* UIView+XMViewRect.m */; };
		000C327C1EB98C8F00E75D6C /* Encryption.m in Sources */ = {isa = PBXBuildFile; fileRef = 000C32661EB98C8F00E75D6C /* Encryption.m */; };
		000C327E1EB98C8F00E75D6C /* RSAEncryptor.m in Sources */ = {isa = PBXBuildFile; fileRef = 000C326D1EB98C8F00E75D6C /* RSAEncryptor.m */; };
		000C32811EB99C6A00E75D6C /* XMNavigationBar.h in CopyFiles */ = {isa = PBXBuildFile; fileRef = 000C32431EB98C8F00E75D6C /* XMNavigationBar.h */; };
		000C32821EB99C6A00E75D6C /* XMNavigationController.h in CopyFiles */ = {isa = PBXBuildFile; fileRef = 000C32451EB98C8F00E75D6C /* XMNavigationController.h */; };
		000C32831EB99C6A00E75D6C /* XMViewController.h in CopyFiles */ = {isa = PBXBuildFile; fileRef = 000C32471EB98C8F00E75D6C /* XMViewController.h */; };
		000C32841EB99C6A00E75D6C /* NSString+XMStringTool.h in CopyFiles */ = {isa = PBXBuildFile; fileRef = 000C324A1EB98C8F00E75D6C /* NSString+XMStringTool.h */; };
		000C32851EB99C6A00E75D6C /* NSUserDefaults+XMSaveTool.h in CopyFiles */ = {isa = PBXBuildFile; fileRef = 000C324C1EB98C8F00E75D6C /* NSUserDefaults+XMSaveTool.h */; };
		000C32861EB99C6A00E75D6C /* UINavigationBar+XMNavigationTool.h in CopyFiles */ = {isa = PBXBuildFile; fileRef = 000C324E1EB98C8F00E75D6C /* UINavigationBar+XMNavigationTool.h */; };
		000C32871EB99C6A00E75D6C /* UITextField+WordLimit.h in CopyFiles */ = {isa = PBXBuildFile; fileRef = 000C32501EB98C8F00E75D6C /* UITextField+WordLimit.h */; };
		000C32881EB99C6A00E75D6C /* UIView+XMViewRect.h in CopyFiles */ = {isa = PBXBuildFile; fileRef = 000C32521EB98C8F00E75D6C /* UIView+XMViewRect.h */; };
		000C32891EB99C6A00E75D6C /* XMMacro.h in CopyFiles */ = {isa = PBXBuildFile; fileRef = 000C32541EB98C8F00E75D6C /* XMMacro.h */; };
		000C328E1EB99C6A00E75D6C /* Encryption.h in CopyFiles */ = {isa = PBXBuildFile; fileRef = 000C32651EB98C8F00E75D6C /* Encryption.h */; };
		000C32901EB99C6A00E75D6C /* RSAEncryptor.h in CopyFiles */ = {isa = PBXBuildFile; fileRef = 000C326C1EB98C8F00E75D6C /* RSAEncryptor.h */; };
		000C32931EB99C9400E75D6C /* UIKit.framework in Frameworks */ = {isa = PBXBuildFile; fileRef = 000C32921EB99C9400E75D6C /* UIKit.framework */; };
		000C37101EB9C6D100E75D6C /* XMTabBarController.m in Sources */ = {isa = PBXBuildFile; fileRef = 000C370F1EB9C6D100E75D6C /* XMTabBarController.m */; };
		002BBC2D1EEFC9B90027D470 /* XMWKWebviewViewController.m in Sources */ = {isa = PBXBuildFile; fileRef = 002BBC2C1EEFC9B90027D470 /* XMWKWebviewViewController.m */; };
		002D313720107DFB0056E1FE /* XMAppDelegate.h in CopyFiles */ = {isa = PBXBuildFile; fileRef = 00EC0AE82003565800FB7735 /* XMAppDelegate.h */; };
		002D313820107DFB0056E1FE /* XMProjectManager.h in CopyFiles */ = {isa = PBXBuildFile; fileRef = 00EC0AEA2003565800FB7735 /* XMProjectManager.h */; };
		002D313920107DFB0056E1FE /* XMNetworkConfigure.h in CopyFiles */ = {isa = PBXBuildFile; fileRef = 00EC0ADC200305E300FB7735 /* XMNetworkConfigure.h */; };
		002D313A20107DFB0056E1FE /* XMNetworkMananger.h in CopyFiles */ = {isa = PBXBuildFile; fileRef = 00EC0ADE200305E300FB7735 /* XMNetworkMananger.h */; };
		002D313B20107DFB0056E1FE /* XMNetworkContext.h in CopyFiles */ = {isa = PBXBuildFile; fileRef = 00C5CFE82007134E005CB2D5 /* XMNetworkContext.h */; };
		002D313C20107DFB0056E1FE /* XMTableViewCellDelegate.h in CopyFiles */ = {isa = PBXBuildFile; fileRef = 00EC0AE32003419900FB7735 /* XMTableViewCellDelegate.h */; };
		002D313D20107DFB0056E1FE /* XMTabBarController.h in CopyFiles */ = {isa = PBXBuildFile; fileRef = 000C370E1EB9C6D100E75D6C /* XMTabBarController.h */; };
		002D313E20107DFB0056E1FE /* XMTableViewController.h in CopyFiles */ = {isa = PBXBuildFile; fileRef = 00EE6B841ED037D9007915A2 /* XMTableViewController.h */; };
		002D313F20107DFB0056E1FE /* XMWKWebviewViewController.h in CopyFiles */ = {isa = PBXBuildFile; fileRef = 002BBC2B1EEFC9B90027D470 /* XMWKWebviewViewController.h */; };
		002D314020107DFB0056E1FE /* XMFormViewController.h in CopyFiles */ = {isa = PBXBuildFile; fileRef = 00F400D71FC2C131005722E5 /* XMFormViewController.h */; };
		002D314120107DFB0056E1FE /* XMForm.h in CopyFiles */ = {isa = PBXBuildFile; fileRef = 00F400DA1FC2C4EB005722E5 /* XMForm.h */; };
		002D314220107DFB0056E1FE /* XMPopView.h in CopyFiles */ = {isa = PBXBuildFile; fileRef = 003A2D081FC7F2620019DB5D /* XMPopView.h */; };
		002D314320107DFB0056E1FE /* UIView+Category.h in CopyFiles */ = {isa = PBXBuildFile; fileRef = 7D7C99901EDC727C0053FEE8 /* UIView+Category.h */; };
		002D314420107DFB0056E1FE /* UITableView+XMTableViewTool.h in CopyFiles */ = {isa = PBXBuildFile; fileRef = 00EE6B871ED04649007915A2 /* UITableView+XMTableViewTool.h */; };
		002D314520107DFB0056E1FE /* UITableViewCell+Tool.h in CopyFiles */ = {isa = PBXBuildFile; fileRef = 009B433B1ED55FAB00AFA967 /* UITableViewCell+Tool.h */; };
		002D314620107DFB0056E1FE /* UIButton+ImageAndTitleLayout.h in CopyFiles */ = {isa = PBXBuildFile; fileRef = 7D0AB7F41ED81119008EBB6A /* UIButton+ImageAndTitleLayout.h */; };
		002D314720107DFB0056E1FE /* UIImage+XMUIImage.h in CopyFiles */ = {isa = PBXBuildFile; fileRef = 7D7C99CF1EDE51CA0053FEE8 /* UIImage+XMUIImage.h */; };
		002D314820107DFB0056E1FE /* UIButton+Tools.h in CopyFiles */ = {isa = PBXBuildFile; fileRef = 00DA41431F73556A00E767F5 /* UIButton+Tools.h */; };
		002D314920107DFB0056E1FE /* UITabBar+HitTest.h in CopyFiles */ = {isa = PBXBuildFile; fileRef = 00F3222F2004A07B0095A93C /* UITabBar+HitTest.h */; };
		002D314A20107DFB0056E1FE /* XMViewController+Extend.h in CopyFiles */ = {isa = PBXBuildFile; fileRef = 00B9FA1B200C9FD500AEDB99 /* XMViewController+Extend.h */; };
		002D314B20107DFB0056E1FE /* XMHUD.h in CopyFiles */ = {isa = PBXBuildFile; fileRef = 00F3221420045D3D0095A93C /* XMHUD.h */; };
		002D314C20107DFB0056E1FE /* XM.h in CopyFiles */ = {isa = PBXBuildFile; fileRef = 00300B2E200098EE00ED11B1 /* XM.h */; };
		003A2D0A1FC7F2620019DB5D /* XMPopView.m in Sources */ = {isa = PBXBuildFile; fileRef = 003A2D091FC7F2620019DB5D /* XMPopView.m */; };
		009B433D1ED55FAB00AFA967 /* UITableViewCell+Tool.m in Sources */ = {isa = PBXBuildFile; fileRef = 009B433C1ED55FAB00AFA967 /* UITableViewCell+Tool.m */; };
		00B9FA1D200C9FD500AEDB99 /* XMViewController+Extend.m in Sources */ = {isa = PBXBuildFile; fileRef = 00B9FA1C200C9FD500AEDB99 /* XMViewController+Extend.m */; };
		00C5CFEA2007134E005CB2D5 /* XMNetworkContext.m in Sources */ = {isa = PBXBuildFile; fileRef = 00C5CFE92007134E005CB2D5 /* XMNetworkContext.m */; };
		00DA41451F73556A00E767F5 /* UIButton+Tools.m in Sources */ = {isa = PBXBuildFile; fileRef = 00DA41441F73556A00E767F5 /* UIButton+Tools.m */; };
		00EC0AE0200305E300FB7735 /* XMNetworkConfigure.m in Sources */ = {isa = PBXBuildFile; fileRef = 00EC0ADD200305E300FB7735 /* XMNetworkConfigure.m */; };
		00EC0AE1200305E300FB7735 /* XMNetworkMananger.m in Sources */ = {isa = PBXBuildFile; fileRef = 00EC0ADF200305E300FB7735 /* XMNetworkMananger.m */; };
		00EC0AEC2003565800FB7735 /* XMAppDelegate.m in Sources */ = {isa = PBXBuildFile; fileRef = 00EC0AE92003565800FB7735 /* XMAppDelegate.m */; };
		00EC0AED2003565800FB7735 /* XMProjectManager.m in Sources */ = {isa = PBXBuildFile; fileRef = 00EC0AEB2003565800FB7735 /* XMProjectManager.m */; };
		00EE6B861ED037D9007915A2 /* XMTableViewController.m in Sources */ = {isa = PBXBuildFile; fileRef = 00EE6B851ED037D9007915A2 /* XMTableViewController.m */; };
		00EE6B891ED04649007915A2 /* UITableView+XMTableViewTool.m in Sources */ = {isa = PBXBuildFile; fileRef = 00EE6B881ED04649007915A2 /* UITableView+XMTableViewTool.m */; };
		00F3221320045D330095A93C /* XMHUD.m in Sources */ = {isa = PBXBuildFile; fileRef = 00F3221220045D330095A93C /* XMHUD.m */; };
		00F322312004A07B0095A93C /* UITabBar+HitTest.m in Sources */ = {isa = PBXBuildFile; fileRef = 00F322302004A07B0095A93C /* UITabBar+HitTest.m */; };
		00F400D91FC2C131005722E5 /* XMFormViewController.m in Sources */ = {isa = PBXBuildFile; fileRef = 00F400D81FC2C131005722E5 /* XMFormViewController.m */; };
		00F400DC1FC2C4EB005722E5 /* XMForm.m in Sources */ = {isa = PBXBuildFile; fileRef = 00F400DB1FC2C4EB005722E5 /* XMForm.m */; };
		7D0AB7F61ED81119008EBB6A /* UIButton+ImageAndTitleLayout.m in Sources */ = {isa = PBXBuildFile; fileRef = 7D0AB7F51ED81119008EBB6A /* UIButton+ImageAndTitleLayout.m */; };
		7D7C99921EDC727C0053FEE8 /* UIView+Category.m in Sources */ = {isa = PBXBuildFile; fileRef = 7D7C99911EDC727C0053FEE8 /* UIView+Category.m */; };
		7D7C99D11EDE51D20053FEE8 /* UIImage+XMUIImage.m in Sources */ = {isa = PBXBuildFile; fileRef = 7D7C99D01EDE51D20053FEE8 /* UIImage+XMUIImage.m */; };
/* End PBXBuildFile section */

/* Begin PBXCopyFilesBuildPhase section */
		000C32321EB98BEE00E75D6C /* CopyFiles */ = {
			isa = PBXCopyFilesBuildPhase;
			buildActionMask = 2147483647;
			dstPath = "include/$(PRODUCT_NAME)";
			dstSubfolderSpec = 7;
			files = (
				002D313720107DFB0056E1FE /* XMAppDelegate.h in CopyFiles */,
				002D313820107DFB0056E1FE /* XMProjectManager.h in CopyFiles */,
				002D313920107DFB0056E1FE /* XMNetworkConfigure.h in CopyFiles */,
				002D313A20107DFB0056E1FE /* XMNetworkMananger.h in CopyFiles */,
				002D313B20107DFB0056E1FE /* XMNetworkContext.h in CopyFiles */,
				002D313C20107DFB0056E1FE /* XMTableViewCellDelegate.h in CopyFiles */,
				002D313D20107DFB0056E1FE /* XMTabBarController.h in CopyFiles */,
				002D313E20107DFB0056E1FE /* XMTableViewController.h in CopyFiles */,
				002D313F20107DFB0056E1FE /* XMWKWebviewViewController.h in CopyFiles */,
				002D314020107DFB0056E1FE /* XMFormViewController.h in CopyFiles */,
				002D314120107DFB0056E1FE /* XMForm.h in CopyFiles */,
				002D314220107DFB0056E1FE /* XMPopView.h in CopyFiles */,
				002D314320107DFB0056E1FE /* UIView+Category.h in CopyFiles */,
				002D314420107DFB0056E1FE /* UITableView+XMTableViewTool.h in CopyFiles */,
				002D314520107DFB0056E1FE /* UITableViewCell+Tool.h in CopyFiles */,
				002D314620107DFB0056E1FE /* UIButton+ImageAndTitleLayout.h in CopyFiles */,
				002D314720107DFB0056E1FE /* UIImage+XMUIImage.h in CopyFiles */,
				002D314820107DFB0056E1FE /* UIButton+Tools.h in CopyFiles */,
				002D314920107DFB0056E1FE /* UITabBar+HitTest.h in CopyFiles */,
				002D314A20107DFB0056E1FE /* XMViewController+Extend.h in CopyFiles */,
				002D314B20107DFB0056E1FE /* XMHUD.h in CopyFiles */,
				002D314C20107DFB0056E1FE /* XM.h in CopyFiles */,
				000C32811EB99C6A00E75D6C /* XMNavigationBar.h in CopyFiles */,
				000C32821EB99C6A00E75D6C /* XMNavigationController.h in CopyFiles */,
				000C32831EB99C6A00E75D6C /* XMViewController.h in CopyFiles */,
				000C32841EB99C6A00E75D6C /* NSString+XMStringTool.h in CopyFiles */,
				000C32851EB99C6A00E75D6C /* NSUserDefaults+XMSaveTool.h in CopyFiles */,
				000C32861EB99C6A00E75D6C /* UINavigationBar+XMNavigationTool.h in CopyFiles */,
				000C32871EB99C6A00E75D6C /* UITextField+WordLimit.h in CopyFiles */,
				000C32881EB99C6A00E75D6C /* UIView+XMViewRect.h in CopyFiles */,
				000C32891EB99C6A00E75D6C /* XMMacro.h in CopyFiles */,
				000C328E1EB99C6A00E75D6C /* Encryption.h in CopyFiles */,
				000C32901EB99C6A00E75D6C /* RSAEncryptor.h in CopyFiles */,
			);
			runOnlyForDeploymentPostprocessing = 0;
		};
/* End PBXCopyFilesBuildPhase section */

/* Begin PBXFileReference section */
		000C32341EB98BEE00E75D6C /* libRGBasic.a */ = {isa = PBXFileReference; explicitFileType = archive.ar; includeInIndex = 0; path = libRGBasic.a; sourceTree = BUILT_PRODUCTS_DIR; };
		000C32431EB98C8F00E75D6C /* XMNavigationBar.h */ = {isa = PBXFileReference; fileEncoding = 4; lastKnownFileType = sourcecode.c.h; path = XMNavigationBar.h; sourceTree = "<group>"; };
		000C32441EB98C8F00E75D6C /* XMNavigationBar.m */ = {isa = PBXFileReference; fileEncoding = 4; lastKnownFileType = sourcecode.c.objc; path = XMNavigationBar.m; sourceTree = "<group>"; };
		000C32451EB98C8F00E75D6C /* XMNavigationController.h */ = {isa = PBXFileReference; fileEncoding = 4; lastKnownFileType = sourcecode.c.h; path = XMNavigationController.h; sourceTree = "<group>"; };
		000C32461EB98C8F00E75D6C /* XMNavigationController.m */ = {isa = PBXFileReference; fileEncoding = 4; lastKnownFileType = sourcecode.c.objc; path = XMNavigationController.m; sourceTree = "<group>"; };
		000C32471EB98C8F00E75D6C /* XMViewController.h */ = {isa = PBXFileReference; fileEncoding = 4; lastKnownFileType = sourcecode.c.h; path = XMViewController.h; sourceTree = "<group>"; };
		000C32481EB98C8F00E75D6C /* XMViewController.m */ = {isa = PBXFileReference; fileEncoding = 4; lastKnownFileType = sourcecode.c.objc; path = XMViewController.m; sourceTree = "<group>"; };
		000C324A1EB98C8F00E75D6C /* NSString+XMStringTool.h */ = {isa = PBXFileReference; fileEncoding = 4; lastKnownFileType = sourcecode.c.h; path = "NSString+XMStringTool.h"; sourceTree = "<group>"; };
		000C324B1EB98C8F00E75D6C /* NSString+XMStringTool.m */ = {isa = PBXFileReference; fileEncoding = 4; lastKnownFileType = sourcecode.c.objc; path = "NSString+XMStringTool.m"; sourceTree = "<group>"; };
		000C324C1EB98C8F00E75D6C /* NSUserDefaults+XMSaveTool.h */ = {isa = PBXFileReference; fileEncoding = 4; lastKnownFileType = sourcecode.c.h; path = "NSUserDefaults+XMSaveTool.h"; sourceTree = "<group>"; };
		000C324D1EB98C8F00E75D6C /* NSUserDefaults+XMSaveTool.m */ = {isa = PBXFileReference; fileEncoding = 4; lastKnownFileType = sourcecode.c.objc; path = "NSUserDefaults+XMSaveTool.m"; sourceTree = "<group>"; };
		000C324E1EB98C8F00E75D6C /* UINavigationBar+XMNavigationTool.h */ = {isa = PBXFileReference; fileEncoding = 4; lastKnownFileType = sourcecode.c.h; path = "UINavigationBar+XMNavigationTool.h"; sourceTree = "<group>"; };
		000C324F1EB98C8F00E75D6C /* UINavigationBar+XMNavigationTool.m */ = {isa = PBXFileReference; fileEncoding = 4; lastKnownFileType = sourcecode.c.objc; path = "UINavigationBar+XMNavigationTool.m"; sourceTree = "<group>"; };
		000C32501EB98C8F00E75D6C /* UITextField+WordLimit.h */ = {isa = PBXFileReference; fileEncoding = 4; lastKnownFileType = sourcecode.c.h; path = "UITextField+WordLimit.h"; sourceTree = "<group>"; };
		000C32511EB98C8F00E75D6C /* UITextField+WordLimit.m */ = {isa = PBXFileReference; fileEncoding = 4; lastKnownFileType = sourcecode.c.objc; path = "UITextField+WordLimit.m"; sourceTree = "<group>"; };
		000C32521EB98C8F00E75D6C /* UIView+XMViewRect.h */ = {isa = PBXFileReference; fileEncoding = 4; lastKnownFileType = sourcecode.c.h; path = "UIView+XMViewRect.h"; sourceTree = "<group>"; };
		000C32531EB98C8F00E75D6C /* UIView+XMViewRect.m */ = {isa = PBXFileReference; fileEncoding = 4; lastKnownFileType = sourcecode.c.objc; path = "UIView+XMViewRect.m"; sourceTree = "<group>"; };
		000C32541EB98C8F00E75D6C /* XMMacro.h */ = {isa = PBXFileReference; fileEncoding = 4; lastKnownFileType = sourcecode.c.h; path = XMMacro.h; sourceTree = "<group>"; };
		000C32651EB98C8F00E75D6C /* Encryption.h */ = {isa = PBXFileReference; fileEncoding = 4; lastKnownFileType = sourcecode.c.h; path = Encryption.h; sourceTree = "<group>"; };
		000C32661EB98C8F00E75D6C /* Encryption.m */ = {isa = PBXFileReference; fileEncoding = 4; lastKnownFileType = sourcecode.c.objc; path = Encryption.m; sourceTree = "<group>"; };
		000C326C1EB98C8F00E75D6C /* RSAEncryptor.h */ = {isa = PBXFileReference; fileEncoding = 4; lastKnownFileType = sourcecode.c.h; path = RSAEncryptor.h; sourceTree = "<group>"; };
		000C326D1EB98C8F00E75D6C /* RSAEncryptor.m */ = {isa = PBXFileReference; fileEncoding = 4; lastKnownFileType = sourcecode.c.objc; path = RSAEncryptor.m; sourceTree = "<group>"; };
		000C32921EB99C9400E75D6C /* UIKit.framework */ = {isa = PBXFileReference; lastKnownFileType = wrapper.framework; name = UIKit.framework; path = System/Library/Frameworks/UIKit.framework; sourceTree = SDKROOT; };
		000C370E1EB9C6D100E75D6C /* XMTabBarController.h */ = {isa = PBXFileReference; fileEncoding = 4; lastKnownFileType = sourcecode.c.h; path = XMTabBarController.h; sourceTree = "<group>"; };
		000C370F1EB9C6D100E75D6C /* XMTabBarController.m */ = {isa = PBXFileReference; fileEncoding = 4; lastKnownFileType = sourcecode.c.objc; path = XMTabBarController.m; sourceTree = "<group>"; };
		000C37111EB9C96200E75D6C /* AFNetworking.h */ = {isa = PBXFileReference; fileEncoding = 4; lastKnownFileType = sourcecode.c.h; path = AFNetworking.h; sourceTree = "<group>"; };
		000C37121EB9C96200E75D6C /* Masonry.h */ = {isa = PBXFileReference; fileEncoding = 4; lastKnownFileType = sourcecode.c.h; path = Masonry.h; sourceTree = "<group>"; };
		000C37131EB9C96200E75D6C /* MBProgressHUD.h */ = {isa = PBXFileReference; fileEncoding = 4; lastKnownFileType = sourcecode.c.h; path = MBProgressHUD.h; sourceTree = "<group>"; };
		000C37141EB9C96200E75D6C /* MF_Base64Additions.h */ = {isa = PBXFileReference; fileEncoding = 4; lastKnownFileType = sourcecode.c.h; path = MF_Base64Additions.h; sourceTree = "<group>"; };
		000C37151EB9C96200E75D6C /* NSData+ImageContentType.h */ = {isa = PBXFileReference; fileEncoding = 4; lastKnownFileType = sourcecode.c.h; path = "NSData+ImageContentType.h"; sourceTree = "<group>"; };
		000C37161EB9C96200E75D6C /* NSImage+WebCache.h */ = {isa = PBXFileReference; fileEncoding = 4; lastKnownFileType = sourcecode.c.h; path = "NSImage+WebCache.h"; sourceTree = "<group>"; };
		000C37171EB9C96200E75D6C /* SDImageCache.h */ = {isa = PBXFileReference; fileEncoding = 4; lastKnownFileType = sourcecode.c.h; path = SDImageCache.h; sourceTree = "<group>"; };
		000C37181EB9C96200E75D6C /* SDImageCacheConfig.h */ = {isa = PBXFileReference; fileEncoding = 4; lastKnownFileType = sourcecode.c.h; path = SDImageCacheConfig.h; sourceTree = "<group>"; };
		000C37191EB9C96200E75D6C /* SDWebImageCompat.h */ = {isa = PBXFileReference; fileEncoding = 4; lastKnownFileType = sourcecode.c.h; path = SDWebImageCompat.h; sourceTree = "<group>"; };
		000C371A1EB9C96200E75D6C /* SDWebImageDecoder.h */ = {isa = PBXFileReference; fileEncoding = 4; lastKnownFileType = sourcecode.c.h; path = SDWebImageDecoder.h; sourceTree = "<group>"; };
		000C371B1EB9C96200E75D6C /* SDWebImageDownloader.h */ = {isa = PBXFileReference; fileEncoding = 4; lastKnownFileType = sourcecode.c.h; path = SDWebImageDownloader.h; sourceTree = "<group>"; };
		000C371C1EB9C96200E75D6C /* SDWebImageDownloaderOperation.h */ = {isa = PBXFileReference; fileEncoding = 4; lastKnownFileType = sourcecode.c.h; path = SDWebImageDownloaderOperation.h; sourceTree = "<group>"; };
		000C371D1EB9C96200E75D6C /* SDWebImageManager.h */ = {isa = PBXFileReference; fileEncoding = 4; lastKnownFileType = sourcecode.c.h; path = SDWebImageManager.h; sourceTree = "<group>"; };
		000C371E1EB9C96200E75D6C /* SDWebImageOperation.h */ = {isa = PBXFileReference; fileEncoding = 4; lastKnownFileType = sourcecode.c.h; path = SDWebImageOperation.h; sourceTree = "<group>"; };
		000C371F1EB9C96200E75D6C /* SDWebImagePrefetcher.h */ = {isa = PBXFileReference; fileEncoding = 4; lastKnownFileType = sourcecode.c.h; path = SDWebImagePrefetcher.h; sourceTree = "<group>"; };
		000C37201EB9C96200E75D6C /* UIButton+WebCache.h */ = {isa = PBXFileReference; fileEncoding = 4; lastKnownFileType = sourcecode.c.h; path = "UIButton+WebCache.h"; sourceTree = "<group>"; };
		000C37211EB9C96200E75D6C /* UIImage+GIF.h */ = {isa = PBXFileReference; fileEncoding = 4; lastKnownFileType = sourcecode.c.h; path = "UIImage+GIF.h"; sourceTree = "<group>"; };
		000C37221EB9C96200E75D6C /* UIImage+MultiFormat.h */ = {isa = PBXFileReference; fileEncoding = 4; lastKnownFileType = sourcecode.c.h; path = "UIImage+MultiFormat.h"; sourceTree = "<group>"; };
		000C37231EB9C96200E75D6C /* UIImageView+HighlightedWebCache.h */ = {isa = PBXFileReference; fileEncoding = 4; lastKnownFileType = sourcecode.c.h; path = "UIImageView+HighlightedWebCache.h"; sourceTree = "<group>"; };
		000C37241EB9C96200E75D6C /* UIImageView+WebCache.h */ = {isa = PBXFileReference; fileEncoding = 4; lastKnownFileType = sourcecode.c.h; path = "UIImageView+WebCache.h"; sourceTree = "<group>"; };
		000C37251EB9C96200E75D6C /* UIView+WebCache.h */ = {isa = PBXFileReference; fileEncoding = 4; lastKnownFileType = sourcecode.c.h; path = "UIView+WebCache.h"; sourceTree = "<group>"; };
		000C37261EB9C96200E75D6C /* UIView+WebCacheOperation.h */ = {isa = PBXFileReference; fileEncoding = 4; lastKnownFileType = sourcecode.c.h; path = "UIView+WebCacheOperation.h"; sourceTree = "<group>"; };
		000C37271EB9D12C00E75D6C /* AFHTTPSessionManager.h */ = {isa = PBXFileReference; fileEncoding = 4; lastKnownFileType = sourcecode.c.h; path = AFHTTPSessionManager.h; sourceTree = "<group>"; };
		000C37281EB9D12D00E75D6C /* AFNetworkReachabilityManager.h */ = {isa = PBXFileReference; fileEncoding = 4; lastKnownFileType = sourcecode.c.h; path = AFNetworkReachabilityManager.h; sourceTree = "<group>"; };
		000C37291EB9D12D00E75D6C /* AFSecurityPolicy.h */ = {isa = PBXFileReference; fileEncoding = 4; lastKnownFileType = sourcecode.c.h; path = AFSecurityPolicy.h; sourceTree = "<group>"; };
		000C372A1EB9D12D00E75D6C /* AFURLRequestSerialization.h */ = {isa = PBXFileReference; fileEncoding = 4; lastKnownFileType = sourcecode.c.h; path = AFURLRequestSerialization.h; sourceTree = "<group>"; };
		000C372B1EB9D12D00E75D6C /* AFURLResponseSerialization.h */ = {isa = PBXFileReference; fileEncoding = 4; lastKnownFileType = sourcecode.c.h; path = AFURLResponseSerialization.h; sourceTree = "<group>"; };
		000C372C1EB9D12D00E75D6C /* AFURLSessionManager.h */ = {isa = PBXFileReference; fileEncoding = 4; lastKnownFileType = sourcecode.c.h; path = AFURLSessionManager.h; sourceTree = "<group>"; };
		002BBC2B1EEFC9B90027D470 /* XMWKWebviewViewController.h */ = {isa = PBXFileReference; fileEncoding = 4; lastKnownFileType = sourcecode.c.h; path = XMWKWebviewViewController.h; sourceTree = "<group>"; };
		002BBC2C1EEFC9B90027D470 /* XMWKWebviewViewController.m */ = {isa = PBXFileReference; fileEncoding = 4; lastKnownFileType = sourcecode.c.objc; path = XMWKWebviewViewController.m; sourceTree = "<group>"; };
		00300B2E200098EE00ED11B1 /* XM.h */ = {isa = PBXFileReference; lastKnownFileType = sourcecode.c.h; path = XM.h; sourceTree = "<group>"; };
		003A2D081FC7F2620019DB5D /* XMPopView.h */ = {isa = PBXFileReference; lastKnownFileType = sourcecode.c.h; path = XMPopView.h; sourceTree = "<group>"; };
		003A2D091FC7F2620019DB5D /* XMPopView.m */ = {isa = PBXFileReference; lastKnownFileType = sourcecode.c.objc; path = XMPopView.m; sourceTree = "<group>"; };
		009B433B1ED55FAB00AFA967 /* UITableViewCell+Tool.h */ = {isa = PBXFileReference; fileEncoding = 4; lastKnownFileType = sourcecode.c.h; path = "UITableViewCell+Tool.h"; sourceTree = "<group>"; };
		009B433C1ED55FAB00AFA967 /* UITableViewCell+Tool.m */ = {isa = PBXFileReference; fileEncoding = 4; lastKnownFileType = sourcecode.c.objc; path = "UITableViewCell+Tool.m"; sourceTree = "<group>"; };
		00B9FA1B200C9FD500AEDB99 /* XMViewController+Extend.h */ = {isa = PBXFileReference; lastKnownFileType = sourcecode.c.h; path = "XMViewController+Extend.h"; sourceTree = "<group>"; };
		00B9FA1C200C9FD500AEDB99 /* XMViewController+Extend.m */ = {isa = PBXFileReference; lastKnownFileType = sourcecode.c.objc; path = "XMViewController+Extend.m"; sourceTree = "<group>"; };
		00C5CFE82007134E005CB2D5 /* XMNetworkContext.h */ = {isa = PBXFileReference; fileEncoding = 4; lastKnownFileType = sourcecode.c.h; path = XMNetworkContext.h; sourceTree = "<group>"; };
		00C5CFE92007134E005CB2D5 /* XMNetworkContext.m */ = {isa = PBXFileReference; fileEncoding = 4; lastKnownFileType = sourcecode.c.objc; path = XMNetworkContext.m; sourceTree = "<group>"; };
		00D679E91ED68D6F00340668 /* MASCompositeConstraint.h */ = {isa = PBXFileReference; fileEncoding = 4; lastKnownFileType = sourcecode.c.h; path = MASCompositeConstraint.h; sourceTree = "<group>"; };
		00D679EA1ED68D6F00340668 /* MASConstraint.h */ = {isa = PBXFileReference; fileEncoding = 4; lastKnownFileType = sourcecode.c.h; path = MASConstraint.h; sourceTree = "<group>"; };
		00D679EB1ED68D6F00340668 /* MASConstraintMaker.h */ = {isa = PBXFileReference; fileEncoding = 4; lastKnownFileType = sourcecode.c.h; path = MASConstraintMaker.h; sourceTree = "<group>"; };
		00D679EC1ED68D6F00340668 /* MASLayoutConstraint.h */ = {isa = PBXFileReference; fileEncoding = 4; lastKnownFileType = sourcecode.c.h; path = MASLayoutConstraint.h; sourceTree = "<group>"; };
		00D679ED1ED68D6F00340668 /* MASUtilities.h */ = {isa = PBXFileReference; fileEncoding = 4; lastKnownFileType = sourcecode.c.h; path = MASUtilities.h; sourceTree = "<group>"; };
		00D679EE1ED68D6F00340668 /* MASViewAttribute.h */ = {isa = PBXFileReference; fileEncoding = 4; lastKnownFileType = sourcecode.c.h; path = MASViewAttribute.h; sourceTree = "<group>"; };
		00D679EF1ED68D6F00340668 /* MASViewConstraint.h */ = {isa = PBXFileReference; fileEncoding = 4; lastKnownFileType = sourcecode.c.h; path = MASViewConstraint.h; sourceTree = "<group>"; };
		00D679F01ED68D6F00340668 /* NSArray+MASAdditions.h */ = {isa = PBXFileReference; fileEncoding = 4; lastKnownFileType = sourcecode.c.h; path = "NSArray+MASAdditions.h"; sourceTree = "<group>"; };
		00D679F11ED68D6F00340668 /* NSArray+MASShorthandAdditions.h */ = {isa = PBXFileReference; fileEncoding = 4; lastKnownFileType = sourcecode.c.h; path = "NSArray+MASShorthandAdditions.h"; sourceTree = "<group>"; };
		00D679F21ED68D6F00340668 /* NSLayoutConstraint+MASDebugAdditions.h */ = {isa = PBXFileReference; fileEncoding = 4; lastKnownFileType = sourcecode.c.h; path = "NSLayoutConstraint+MASDebugAdditions.h"; sourceTree = "<group>"; };
		00D679F31ED68D6F00340668 /* View+MASAdditions.h */ = {isa = PBXFileReference; fileEncoding = 4; lastKnownFileType = sourcecode.c.h; path = "View+MASAdditions.h"; sourceTree = "<group>"; };
		00D679F41ED68D6F00340668 /* View+MASShorthandAdditions.h */ = {isa = PBXFileReference; fileEncoding = 4; lastKnownFileType = sourcecode.c.h; path = "View+MASShorthandAdditions.h"; sourceTree = "<group>"; };
		00D679F51ED68D6F00340668 /* ViewController+MASAdditions.h */ = {isa = PBXFileReference; fileEncoding = 4; lastKnownFileType = sourcecode.c.h; path = "ViewController+MASAdditions.h"; sourceTree = "<group>"; };
		00D8B49B201827A900293C6C /* RGBasicSDK.bundle */ = {isa = PBXFileReference; lastKnownFileType = "wrapper.plug-in"; path = RGBasicSDK.bundle; sourceTree = "<group>"; };
		00DA41431F73556A00E767F5 /* UIButton+Tools.h */ = {isa = PBXFileReference; fileEncoding = 4; lastKnownFileType = sourcecode.c.h; path = "UIButton+Tools.h"; sourceTree = "<group>"; };
		00DA41441F73556A00E767F5 /* UIButton+Tools.m */ = {isa = PBXFileReference; fileEncoding = 4; lastKnownFileType = sourcecode.c.objc; path = "UIButton+Tools.m"; sourceTree = "<group>"; };
		00EC0ADC200305E300FB7735 /* XMNetworkConfigure.h */ = {isa = PBXFileReference; fileEncoding = 4; lastKnownFileType = sourcecode.c.h; path = XMNetworkConfigure.h; sourceTree = "<group>"; };
		00EC0ADD200305E300FB7735 /* XMNetworkConfigure.m */ = {isa = PBXFileReference; fileEncoding = 4; lastKnownFileType = sourcecode.c.objc; path = XMNetworkConfigure.m; sourceTree = "<group>"; };
		00EC0ADE200305E300FB7735 /* XMNetworkMananger.h */ = {isa = PBXFileReference; fileEncoding = 4; lastKnownFileType = sourcecode.c.h; path = XMNetworkMananger.h; sourceTree = "<group>"; };
		00EC0ADF200305E300FB7735 /* XMNetworkMananger.m */ = {isa = PBXFileReference; fileEncoding = 4; lastKnownFileType = sourcecode.c.objc; path = XMNetworkMananger.m; sourceTree = "<group>"; };
		00EC0AE32003419900FB7735 /* XMTableViewCellDelegate.h */ = {isa = PBXFileReference; fileEncoding = 4; lastKnownFileType = sourcecode.c.h; path = XMTableViewCellDelegate.h; sourceTree = "<group>"; };
		00EC0AE82003565800FB7735 /* XMAppDelegate.h */ = {isa = PBXFileReference; fileEncoding = 4; lastKnownFileType = sourcecode.c.h; path = XMAppDelegate.h; sourceTree = "<group>"; };
		00EC0AE92003565800FB7735 /* XMAppDelegate.m */ = {isa = PBXFileReference; fileEncoding = 4; lastKnownFileType = sourcecode.c.objc; path = XMAppDelegate.m; sourceTree = "<group>"; };
		00EC0AEA2003565800FB7735 /* XMProjectManager.h */ = {isa = PBXFileReference; fileEncoding = 4; lastKnownFileType = sourcecode.c.h; path = XMProjectManager.h; sourceTree = "<group>"; };
		00EC0AEB2003565800FB7735 /* XMProjectManager.m */ = {isa = PBXFileReference; fileEncoding = 4; lastKnownFileType = sourcecode.c.objc; path = XMProjectManager.m; sourceTree = "<group>"; };
		00EE6B841ED037D9007915A2 /* XMTableViewController.h */ = {isa = PBXFileReference; fileEncoding = 4; lastKnownFileType = sourcecode.c.h; path = XMTableViewController.h; sourceTree = "<group>"; };
		00EE6B851ED037D9007915A2 /* XMTableViewController.m */ = {isa = PBXFileReference; fileEncoding = 4; lastKnownFileType = sourcecode.c.objc; path = XMTableViewController.m; sourceTree = "<group>"; };
		00EE6B871ED04649007915A2 /* UITableView+XMTableViewTool.h */ = {isa = PBXFileReference; fileEncoding = 4; lastKnownFileType = sourcecode.c.h; path = "UITableView+XMTableViewTool.h"; sourceTree = "<group>"; };
		00EE6B881ED04649007915A2 /* UITableView+XMTableViewTool.m */ = {isa = PBXFileReference; fileEncoding = 4; lastKnownFileType = sourcecode.c.objc; path = "UITableView+XMTableViewTool.m"; sourceTree = "<group>"; };
		00F3221220045D330095A93C /* XMHUD.m */ = {isa = PBXFileReference; fileEncoding = 4; lastKnownFileType = sourcecode.c.objc; path = XMHUD.m; sourceTree = "<group>"; };
		00F3221420045D3D0095A93C /* XMHUD.h */ = {isa = PBXFileReference; lastKnownFileType = sourcecode.c.h; path = XMHUD.h; sourceTree = "<group>"; };
		00F3222F2004A07B0095A93C /* UITabBar+HitTest.h */ = {isa = PBXFileReference; lastKnownFileType = sourcecode.c.h; path = "UITabBar+HitTest.h"; sourceTree = "<group>"; };
		00F322302004A07B0095A93C /* UITabBar+HitTest.m */ = {isa = PBXFileReference; lastKnownFileType = sourcecode.c.objc; path = "UITabBar+HitTest.m"; sourceTree = "<group>"; };
		00F400D71FC2C131005722E5 /* XMFormViewController.h */ = {isa = PBXFileReference; lastKnownFileType = sourcecode.c.h; path = XMFormViewController.h; sourceTree = "<group>"; };
		00F400D81FC2C131005722E5 /* XMFormViewController.m */ = {isa = PBXFileReference; lastKnownFileType = sourcecode.c.objc; path = XMFormViewController.m; sourceTree = "<group>"; };
		00F400DA1FC2C4EB005722E5 /* XMForm.h */ = {isa = PBXFileReference; lastKnownFileType = sourcecode.c.h; path = XMForm.h; sourceTree = "<group>"; };
		00F400DB1FC2C4EB005722E5 /* XMForm.m */ = {isa = PBXFileReference; lastKnownFileType = sourcecode.c.objc; path = XMForm.m; sourceTree = "<group>"; };
		7D0AB7F41ED81119008EBB6A /* UIButton+ImageAndTitleLayout.h */ = {isa = PBXFileReference; fileEncoding = 4; lastKnownFileType = sourcecode.c.h; path = "UIButton+ImageAndTitleLayout.h"; sourceTree = "<group>"; };
		7D0AB7F51ED81119008EBB6A /* UIButton+ImageAndTitleLayout.m */ = {isa = PBXFileReference; fileEncoding = 4; lastKnownFileType = sourcecode.c.objc; path = "UIButton+ImageAndTitleLayout.m"; sourceTree = "<group>"; };
		7D7C99901EDC727C0053FEE8 /* UIView+Category.h */ = {isa = PBXFileReference; fileEncoding = 4; lastKnownFileType = sourcecode.c.h; path = "UIView+Category.h"; sourceTree = "<group>"; };
		7D7C99911EDC727C0053FEE8 /* UIView+Category.m */ = {isa = PBXFileReference; fileEncoding = 4; lastKnownFileType = sourcecode.c.objc; path = "UIView+Category.m"; sourceTree = "<group>"; };
		7D7C99CF1EDE51CA0053FEE8 /* UIImage+XMUIImage.h */ = {isa = PBXFileReference; fileEncoding = 4; lastKnownFileType = sourcecode.c.h; path = "UIImage+XMUIImage.h"; sourceTree = "<group>"; };
		7D7C99D01EDE51D20053FEE8 /* UIImage+XMUIImage.m */ = {isa = PBXFileReference; fileEncoding = 4; lastKnownFileType = sourcecode.c.objc; path = "UIImage+XMUIImage.m"; sourceTree = "<group>"; };
/* End PBXFileReference section */

/* Begin PBXFrameworksBuildPhase section */
		000C32311EB98BEE00E75D6C /* Frameworks */ = {
			isa = PBXFrameworksBuildPhase;
			buildActionMask = 2147483647;
			files = (
				000C32931EB99C9400E75D6C /* UIKit.framework in Frameworks */,
			);
			runOnlyForDeploymentPostprocessing = 0;
		};
/* End PBXFrameworksBuildPhase section */

/* Begin PBXGroup section */
		000C322B1EB98BEE00E75D6C = {
			isa = PBXGroup;
			children = (
				000C32361EB98BEE00E75D6C /* RGBasic */,
				000C32351EB98BEE00E75D6C /* Products */,
				000C32911EB99C9400E75D6C /* Frameworks */,
			);
			sourceTree = "<group>";
		};
		000C32351EB98BEE00E75D6C /* Products */ = {
			isa = PBXGroup;
			children = (
				000C32341EB98BEE00E75D6C /* libRGBasic.a */,
			);
			name = Products;
			sourceTree = "<group>";
		};
		000C32361EB98BEE00E75D6C /* RGBasic */ = {
			isa = PBXGroup;
			children = (
				00D8B49A201827A900293C6C /* Resources */,
				00EC0AE72003565800FB7735 /* XMAboutProject(工程相关) */,
				00EC0ADB200305E300FB7735 /* XMNetWork(网络) */,
				000C32421EB98C8F00E75D6C /* XMBasicUI(UI基类) */,
				000C32491EB98C8F00E75D6C /* XMCategory(类目) */,
				000C32631EB98C8F00E75D6C /* XMUtilities(工具) */,
				000C32541EB98C8F00E75D6C /* XMMacro.h */,
				000C35601EB99E0100E75D6C /* Relevance */,
				00300B2E200098EE00ED11B1 /* XM.h */,
			);
			path = RGBasic;
			sourceTree = "<group>";
		};
		000C32421EB98C8F00E75D6C /* XMBasicUI(UI基类) */ = {
			isa = PBXGroup;
			children = (
				00EC0AE22003419900FB7735 /* XMDelegate */,
				000C32431EB98C8F00E75D6C /* XMNavigationBar.h */,
				000C32441EB98C8F00E75D6C /* XMNavigationBar.m */,
				000C32471EB98C8F00E75D6C /* XMViewController.h */,
				000C32481EB98C8F00E75D6C /* XMViewController.m */,
				000C32451EB98C8F00E75D6C /* XMNavigationController.h */,
				000C32461EB98C8F00E75D6C /* XMNavigationController.m */,
				000C370E1EB9C6D100E75D6C /* XMTabBarController.h */,
				000C370F1EB9C6D100E75D6C /* XMTabBarController.m */,
				00EE6B841ED037D9007915A2 /* XMTableViewController.h */,
				00EE6B851ED037D9007915A2 /* XMTableViewController.m */,
				002BBC2B1EEFC9B90027D470 /* XMWKWebviewViewController.h */,
				002BBC2C1EEFC9B90027D470 /* XMWKWebviewViewController.m */,
				00F400D71FC2C131005722E5 /* XMFormViewController.h */,
				00F400D81FC2C131005722E5 /* XMFormViewController.m */,
				00F400DA1FC2C4EB005722E5 /* XMForm.h */,
				00F400DB1FC2C4EB005722E5 /* XMForm.m */,
				003A2D081FC7F2620019DB5D /* XMPopView.h */,
				003A2D091FC7F2620019DB5D /* XMPopView.m */,
			);
			path = "XMBasicUI(UI基类)";
			sourceTree = "<group>";
		};
		000C32491EB98C8F00E75D6C /* XMCategory(类目) */ = {
			isa = PBXGroup;
			children = (
				000C324A1EB98C8F00E75D6C /* NSString+XMStringTool.h */,
				000C324B1EB98C8F00E75D6C /* NSString+XMStringTool.m */,
				000C324C1EB98C8F00E75D6C /* NSUserDefaults+XMSaveTool.h */,
				000C324D1EB98C8F00E75D6C /* NSUserDefaults+XMSaveTool.m */,
				000C324E1EB98C8F00E75D6C /* UINavigationBar+XMNavigationTool.h */,
				000C324F1EB98C8F00E75D6C /* UINavigationBar+XMNavigationTool.m */,
				000C32501EB98C8F00E75D6C /* UITextField+WordLimit.h */,
				000C32511EB98C8F00E75D6C /* UITextField+WordLimit.m */,
				000C32521EB98C8F00E75D6C /* UIView+XMViewRect.h */,
				000C32531EB98C8F00E75D6C /* UIView+XMViewRect.m */,
				7D7C99901EDC727C0053FEE8 /* UIView+Category.h */,
				7D7C99911EDC727C0053FEE8 /* UIView+Category.m */,
				00EE6B871ED04649007915A2 /* UITableView+XMTableViewTool.h */,
				00EE6B881ED04649007915A2 /* UITableView+XMTableViewTool.m */,
				009B433B1ED55FAB00AFA967 /* UITableViewCell+Tool.h */,
				009B433C1ED55FAB00AFA967 /* UITableViewCell+Tool.m */,
				7D0AB7F41ED81119008EBB6A /* UIButton+ImageAndTitleLayout.h */,
				7D0AB7F51ED81119008EBB6A /* UIButton+ImageAndTitleLayout.m */,
				7D7C99CF1EDE51CA0053FEE8 /* UIImage+XMUIImage.h */,
				7D7C99D01EDE51D20053FEE8 /* UIImage+XMUIImage.m */,
				00DA41431F73556A00E767F5 /* UIButton+Tools.h */,
				00DA41441F73556A00E767F5 /* UIButton+Tools.m */,
				00F3222F2004A07B0095A93C /* UITabBar+HitTest.h */,
				00F322302004A07B0095A93C /* UITabBar+HitTest.m */,
				00B9FA1B200C9FD500AEDB99 /* XMViewController+Extend.h */,
				00B9FA1C200C9FD500AEDB99 /* XMViewController+Extend.m */,
			);
			path = "XMCategory(类目)";
			sourceTree = "<group>";
		};
		000C32631EB98C8F00E75D6C /* XMUtilities(工具) */ = {
			isa = PBXGroup;
			children = (
				00F3221120045D330095A93C /* ProgressHUD */,
				000C32641EB98C8F00E75D6C /* AES */,
				000C326B1EB98C8F00E75D6C /* RSA */,
			);
			path = "XMUtilities(工具)";
			sourceTree = "<group>";
		};
		000C32641EB98C8F00E75D6C /* AES */ = {
			isa = PBXGroup;
			children = (
				000C32651EB98C8F00E75D6C /* Encryption.h */,
				000C32661EB98C8F00E75D6C /* Encryption.m */,
			);
			path = AES;
			sourceTree = "<group>";
		};
		000C326B1EB98C8F00E75D6C /* RSA */ = {
			isa = PBXGroup;
			children = (
				000C326C1EB98C8F00E75D6C /* RSAEncryptor.h */,
				000C326D1EB98C8F00E75D6C /* RSAEncryptor.m */,
			);
			path = RSA;
			sourceTree = "<group>";
		};
		000C32911EB99C9400E75D6C /* Frameworks */ = {
			isa = PBXGroup;
			children = (
				000C32921EB99C9400E75D6C /* UIKit.framework */,
			);
			name = Frameworks;
			sourceTree = "<group>";
		};
		000C35601EB99E0100E75D6C /* Relevance */ = {
			isa = PBXGroup;
			children = (
				00D679E91ED68D6F00340668 /* MASCompositeConstraint.h */,
				00D679EA1ED68D6F00340668 /* MASConstraint.h */,
				00D679EB1ED68D6F00340668 /* MASConstraintMaker.h */,
				00D679EC1ED68D6F00340668 /* MASLayoutConstraint.h */,
				00D679ED1ED68D6F00340668 /* MASUtilities.h */,
				00D679EE1ED68D6F00340668 /* MASViewAttribute.h */,
				00D679EF1ED68D6F00340668 /* MASViewConstraint.h */,
				00D679F01ED68D6F00340668 /* NSArray+MASAdditions.h */,
				00D679F11ED68D6F00340668 /* NSArray+MASShorthandAdditions.h */,
				00D679F21ED68D6F00340668 /* NSLayoutConstraint+MASDebugAdditions.h */,
				00D679F31ED68D6F00340668 /* View+MASAdditions.h */,
				00D679F41ED68D6F00340668 /* View+MASShorthandAdditions.h */,
				00D679F51ED68D6F00340668 /* ViewController+MASAdditions.h */,
				000C37271EB9D12C00E75D6C /* AFHTTPSessionManager.h */,
				000C37281EB9D12D00E75D6C /* AFNetworkReachabilityManager.h */,
				000C37291EB9D12D00E75D6C /* AFSecurityPolicy.h */,
				000C372A1EB9D12D00E75D6C /* AFURLRequestSerialization.h */,
				000C372B1EB9D12D00E75D6C /* AFURLResponseSerialization.h */,
				000C372C1EB9D12D00E75D6C /* AFURLSessionManager.h */,
				000C37111EB9C96200E75D6C /* AFNetworking.h */,
				000C37121EB9C96200E75D6C /* Masonry.h */,
				000C37131EB9C96200E75D6C /* MBProgressHUD.h */,
				000C37141EB9C96200E75D6C /* MF_Base64Additions.h */,
				000C37151EB9C96200E75D6C /* NSData+ImageContentType.h */,
				000C37161EB9C96200E75D6C /* NSImage+WebCache.h */,
				000C37171EB9C96200E75D6C /* SDImageCache.h */,
				000C37181EB9C96200E75D6C /* SDImageCacheConfig.h */,
				000C37191EB9C96200E75D6C /* SDWebImageCompat.h */,
				000C371A1EB9C96200E75D6C /* SDWebImageDecoder.h */,
				000C371B1EB9C96200E75D6C /* SDWebImageDownloader.h */,
				000C371C1EB9C96200E75D6C /* SDWebImageDownloaderOperation.h */,
				000C371D1EB9C96200E75D6C /* SDWebImageManager.h */,
				000C371E1EB9C96200E75D6C /* SDWebImageOperation.h */,
				000C371F1EB9C96200E75D6C /* SDWebImagePrefetcher.h */,
				000C37201EB9C96200E75D6C /* UIButton+WebCache.h */,
				000C37211EB9C96200E75D6C /* UIImage+GIF.h */,
				000C37221EB9C96200E75D6C /* UIImage+MultiFormat.h */,
				000C37231EB9C96200E75D6C /* UIImageView+HighlightedWebCache.h */,
				000C37241EB9C96200E75D6C /* UIImageView+WebCache.h */,
				000C37251EB9C96200E75D6C /* UIView+WebCache.h */,
				000C37261EB9C96200E75D6C /* UIView+WebCacheOperation.h */,
			);
			path = Relevance;
			sourceTree = "<group>";
		};
		00D8B49A201827A900293C6C /* Resources */ = {
			isa = PBXGroup;
			children = (
				00D8B49B201827A900293C6C /* RGBasicSDK.bundle */,
			);
			path = Resources;
			sourceTree = "<group>";
		};
		00EC0ADB200305E300FB7735 /* XMNetWork(网络) */ = {
			isa = PBXGroup;
			children = (
				00EC0ADC200305E300FB7735 /* XMNetworkConfigure.h */,
				00EC0ADD200305E300FB7735 /* XMNetworkConfigure.m */,
				00EC0ADE200305E300FB7735 /* XMNetworkMananger.h */,
				00EC0ADF200305E300FB7735 /* XMNetworkMananger.m */,
				00C5CFE82007134E005CB2D5 /* XMNetworkContext.h */,
				00C5CFE92007134E005CB2D5 /* XMNetworkContext.m */,
			);
			path = "XMNetWork(网络)";
			sourceTree = "<group>";
		};
		00EC0AE22003419900FB7735 /* XMDelegate */ = {
			isa = PBXGroup;
			children = (
				00EC0AE32003419900FB7735 /* XMTableViewCellDelegate.h */,
			);
			path = XMDelegate;
			sourceTree = "<group>";
		};
		00EC0AE72003565800FB7735 /* XMAboutProject(工程相关) */ = {
			isa = PBXGroup;
			children = (
				00EC0AE82003565800FB7735 /* XMAppDelegate.h */,
				00EC0AE92003565800FB7735 /* XMAppDelegate.m */,
				00EC0AEA2003565800FB7735 /* XMProjectManager.h */,
				00EC0AEB2003565800FB7735 /* XMProjectManager.m */,
			);
			path = "XMAboutProject(工程相关)";
			sourceTree = "<group>";
		};
		00F3221120045D330095A93C /* ProgressHUD */ = {
			isa = PBXGroup;
			children = (
				00F3221420045D3D0095A93C /* XMHUD.h */,
				00F3221220045D330095A93C /* XMHUD.m */,
			);
			path = ProgressHUD;
			sourceTree = "<group>";
		};
/* End PBXGroup section */

/* Begin PBXHeadersBuildPhase section */
		002D325A201094770056E1FE /* Headers */ = {
			isa = PBXHeadersBuildPhase;
			buildActionMask = 2147483647;
			files = (
			);
			runOnlyForDeploymentPostprocessing = 0;
		};
/* End PBXHeadersBuildPhase section */

/* Begin PBXNativeTarget section */
		000C32331EB98BEE00E75D6C /* RGBasic */ = {
			isa = PBXNativeTarget;
			buildConfigurationList = 000C323D1EB98BEE00E75D6C /* Build configuration list for PBXNativeTarget "RGBasic" */;
			buildPhases = (
				000C32301EB98BEE00E75D6C /* Sources */,
				000C32311EB98BEE00E75D6C /* Frameworks */,
				000C32321EB98BEE00E75D6C /* CopyFiles */,
				002D325A201094770056E1FE /* Headers */,
			);
			buildRules = (
			);
			dependencies = (
			);
			name = RGBasic;
			productName = RGBasic;
			productReference = 000C32341EB98BEE00E75D6C /* libRGBasic.a */;
			productType = "com.apple.product-type.library.static";
		};
/* End PBXNativeTarget section */

/* Begin PBXProject section */
		000C322C1EB98BEE00E75D6C /* Project object */ = {
			isa = PBXProject;
			attributes = {
				LastUpgradeCheck = 0910;
				ORGANIZATIONNAME = robin;
				TargetAttributes = {
					000C32331EB98BEE00E75D6C = {
						CreatedOnToolsVersion = 8.3;
						DevelopmentTeam = 7E96WUDGN8;
						ProvisioningStyle = Automatic;
					};
				};
			};
			buildConfigurationList = 000C322F1EB98BEE00E75D6C /* Build configuration list for PBXProject "RGBasic" */;
			compatibilityVersion = "Xcode 3.2";
			developmentRegion = English;
			hasScannedForEncodings = 0;
			knownRegions = (
				en,
			);
			mainGroup = 000C322B1EB98BEE00E75D6C;
			productRefGroup = 000C32351EB98BEE00E75D6C /* Products */;
			projectDirPath = "";
			projectRoot = "";
			targets = (
				000C32331EB98BEE00E75D6C /* RGBasic */,
			);
		};
/* End PBXProject section */

/* Begin PBXSourcesBuildPhase section */
		000C32301EB98BEE00E75D6C /* Sources */ = {
			isa = PBXSourcesBuildPhase;
			buildActionMask = 2147483647;
			files = (
				00F3221320045D330095A93C /* XMHUD.m in Sources */,
				00C5CFEA2007134E005CB2D5 /* XMNetworkContext.m in Sources */,
				000C32701EB98C8F00E75D6C /* XMNavigationController.m in Sources */,
				000C327C1EB98C8F00E75D6C /* Encryption.m in Sources */,
				000C32751EB98C8F00E75D6C /* UITextField+WordLimit.m in Sources */,
				000C327E1EB98C8F00E75D6C /* RSAEncryptor.m in Sources */,
				000C32761EB98C8F00E75D6C /* UIView+XMViewRect.m in Sources */,
				000C32731EB98C8F00E75D6C /* NSUserDefaults+XMSaveTool.m in Sources */,
				00EE6B891ED04649007915A2 /* UITableView+XMTableViewTool.m in Sources */,
				00EC0AE1200305E300FB7735 /* XMNetworkMananger.m in Sources */,
				003A2D0A1FC7F2620019DB5D /* XMPopView.m in Sources */,
				00B9FA1D200C9FD500AEDB99 /* XMViewController+Extend.m in Sources */,
				00DA41451F73556A00E767F5 /* UIButton+Tools.m in Sources */,
				00EC0AED2003565800FB7735 /* XMProjectManager.m in Sources */,
				000C32721EB98C8F00E75D6C /* NSString+XMStringTool.m in Sources */,
				009B433D1ED55FAB00AFA967 /* UITableViewCell+Tool.m in Sources */,
				000C32711EB98C8F00E75D6C /* XMViewController.m in Sources */,
				00F322312004A07B0095A93C /* UITabBar+HitTest.m in Sources */,
				00F400D91FC2C131005722E5 /* XMFormViewController.m in Sources */,
				00EC0AE0200305E300FB7735 /* XMNetworkConfigure.m in Sources */,
				00EC0AEC2003565800FB7735 /* XMAppDelegate.m in Sources */,
				000C32741EB98C8F00E75D6C /* UINavigationBar+XMNavigationTool.m in Sources */,
				000C37101EB9C6D100E75D6C /* XMTabBarController.m in Sources */,
				7D7C99D11EDE51D20053FEE8 /* UIImage+XMUIImage.m in Sources */,
				00F400DC1FC2C4EB005722E5 /* XMForm.m in Sources */,
				00EE6B861ED037D9007915A2 /* XMTableViewController.m in Sources */,
				7D0AB7F61ED81119008EBB6A /* UIButton+ImageAndTitleLayout.m in Sources */,
				7D7C99921EDC727C0053FEE8 /* UIView+Category.m in Sources */,
				000C326F1EB98C8F00E75D6C /* XMNavigationBar.m in Sources */,
				002BBC2D1EEFC9B90027D470 /* XMWKWebviewViewController.m in Sources */,
			);
			runOnlyForDeploymentPostprocessing = 0;
		};
/* End PBXSourcesBuildPhase section */

/* Begin XCBuildConfiguration section */
		000C323B1EB98BEE00E75D6C /* Debug */ = {
			isa = XCBuildConfiguration;
			buildSettings = {
				ALWAYS_SEARCH_USER_PATHS = NO;
				CLANG_ANALYZER_NONNULL = YES;
				CLANG_ANALYZER_NUMBER_OBJECT_CONVERSION = YES_AGGRESSIVE;
				CLANG_CXX_LANGUAGE_STANDARD = "gnu++0x";
				CLANG_CXX_LIBRARY = "libc++";
				CLANG_ENABLE_MODULES = YES;
				CLANG_ENABLE_OBJC_ARC = YES;
				CLANG_WARN_BOOL_CONVERSION = YES;
				CLANG_WARN_CONSTANT_CONVERSION = YES;
				CLANG_WARN_DIRECT_OBJC_ISA_USAGE = YES_ERROR;
				CLANG_WARN_DOCUMENTATION_COMMENTS = YES;
				CLANG_WARN_EMPTY_BODY = YES;
				CLANG_WARN_ENUM_CONVERSION = YES;
				CLANG_WARN_INFINITE_RECURSION = YES;
				CLANG_WARN_INT_CONVERSION = YES;
				CLANG_WARN_OBJC_ROOT_CLASS = YES_ERROR;
				CLANG_WARN_SUSPICIOUS_MOVE = YES;
				CLANG_WARN_UNREACHABLE_CODE = YES;
				CLANG_WARN__DUPLICATE_METHOD_MATCH = YES;
				"CODE_SIGN_IDENTITY[sdk=iphoneos*]" = "iPhone Developer";
				COPY_PHASE_STRIP = NO;
				DEBUG_INFORMATION_FORMAT = dwarf;
				ENABLE_STRICT_OBJC_MSGSEND = YES;
				ENABLE_TESTABILITY = YES;
				GCC_C_LANGUAGE_STANDARD = gnu99;
				GCC_DYNAMIC_NO_PIC = NO;
				GCC_NO_COMMON_BLOCKS = YES;
				GCC_OPTIMIZATION_LEVEL = 0;
				GCC_PREPROCESSOR_DEFINITIONS = (
					"DEBUG=1",
					"$(inherited)",
				);
				GCC_WARN_64_TO_32_BIT_CONVERSION = YES;
				GCC_WARN_ABOUT_RETURN_TYPE = YES_ERROR;
				GCC_WARN_UNDECLARED_SELECTOR = YES;
				GCC_WARN_UNINITIALIZED_AUTOS = YES_AGGRESSIVE;
				GCC_WARN_UNUSED_FUNCTION = YES;
				GCC_WARN_UNUSED_VARIABLE = YES;
				IPHONEOS_DEPLOYMENT_TARGET = 8.0;
				MTL_ENABLE_DEBUG_INFO = YES;
				ONLY_ACTIVE_ARCH = YES;
				SDKROOT = iphoneos;
			};
			name = Debug;
		};
		000C323C1EB98BEE00E75D6C /* Release */ = {
			isa = XCBuildConfiguration;
			buildSettings = {
				ALWAYS_SEARCH_USER_PATHS = NO;
				CLANG_ANALYZER_NONNULL = YES;
				CLANG_ANALYZER_NUMBER_OBJECT_CONVERSION = YES_AGGRESSIVE;
				CLANG_CXX_LANGUAGE_STANDARD = "gnu++0x";
				CLANG_CXX_LIBRARY = "libc++";
				CLANG_ENABLE_MODULES = YES;
				CLANG_ENABLE_OBJC_ARC = YES;
				CLANG_WARN_BOOL_CONVERSION = YES;
				CLANG_WARN_CONSTANT_CONVERSION = YES;
				CLANG_WARN_DIRECT_OBJC_ISA_USAGE = YES_ERROR;
				CLANG_WARN_DOCUMENTATION_COMMENTS = YES;
				CLANG_WARN_EMPTY_BODY = YES;
				CLANG_WARN_ENUM_CONVERSION = YES;
				CLANG_WARN_INFINITE_RECURSION = YES;
				CLANG_WARN_INT_CONVERSION = YES;
				CLANG_WARN_OBJC_ROOT_CLASS = YES_ERROR;
				CLANG_WARN_SUSPICIOUS_MOVE = YES;
				CLANG_WARN_UNREACHABLE_CODE = YES;
				CLANG_WARN__DUPLICATE_METHOD_MATCH = YES;
				"CODE_SIGN_IDENTITY[sdk=iphoneos*]" = "iPhone Developer";
				COPY_PHASE_STRIP = NO;
				DEBUG_INFORMATION_FORMAT = "dwarf-with-dsym";
				ENABLE_NS_ASSERTIONS = NO;
				ENABLE_STRICT_OBJC_MSGSEND = YES;
				GCC_C_LANGUAGE_STANDARD = gnu99;
				GCC_NO_COMMON_BLOCKS = YES;
				GCC_WARN_64_TO_32_BIT_CONVERSION = YES;
				GCC_WARN_ABOUT_RETURN_TYPE = YES_ERROR;
				GCC_WARN_UNDECLARED_SELECTOR = YES;
				GCC_WARN_UNINITIALIZED_AUTOS = YES_AGGRESSIVE;
				GCC_WARN_UNUSED_FUNCTION = YES;
				GCC_WARN_UNUSED_VARIABLE = YES;
				IPHONEOS_DEPLOYMENT_TARGET = 8.0;
				MTL_ENABLE_DEBUG_INFO = NO;
				SDKROOT = iphoneos;
				VALIDATE_PRODUCT = YES;
			};
			name = Release;
		};
		000C323E1EB98BEE00E75D6C /* Debug */ = {
			isa = XCBuildConfiguration;
			buildSettings = {
				DEVELOPMENT_TEAM = 7E96WUDGN8;
				GCC_PREFIX_HEADER = "";
				ONLY_ACTIVE_ARCH = NO;
				OTHER_LDFLAGS = "-all_load";
				PRODUCT_NAME = "$(TARGET_NAME)";
				SKIP_INSTALL = YES;
			};
			name = Debug;
		};
		000C323F1EB98BEE00E75D6C /* Release */ = {
			isa = XCBuildConfiguration;
			buildSettings = {
				DEVELOPMENT_TEAM = 7E96WUDGN8;
				GCC_PREFIX_HEADER = "";
				OTHER_LDFLAGS = "-all_load";
				PRODUCT_NAME = "$(TARGET_NAME)";
				SKIP_INSTALL = YES;
			};
			name = Release;
		};
/* End XCBuildConfiguration section */

/* Begin XCConfigurationList section */
		000C322F1EB98BEE00E75D6C /* Build configuration list for PBXProject "RGBasic" */ = {
			isa = XCConfigurationList;
			buildConfigurations = (
				000C323B1EB98BEE00E75D6C /* Debug */,
				000C323C1EB98BEE00E75D6C /* Release */,
			);
			defaultConfigurationIsVisible = 0;
			defaultConfigurationName = Release;
		};
		000C323D1EB98BEE00E75D6C /* Build configuration list for PBXNativeTarget "RGBasic" */ = {
			isa = XCConfigurationList;
			buildConfigurations = (
				000C323E1EB98BEE00E75D6C /* Debug */,
				000C323F1EB98BEE00E75D6C /* Release */,
			);
			defaultConfigurationIsVisible = 0;
			defaultConfigurationName = Release;
		};
/* End XCConfigurationList section */
	};
	rootObject = 000C322C1EB98BEE00E75D6C /* Project object */;
}
